// !$*UTF8*$!
{
	archiveVersion = 1;
	classes = {
	};
	objectVersion = 45;
	objects = {

/* Begin PBXBuildFile section */
		1308834B1FFC6619006C260E /* linenoise.c in Sources */ = {isa = PBXBuildFile; fileRef = 1308834A1FFC6619006C260E /* linenoise.c */; };
		134894C120BE302F00CAB728 /* bcurl.c in Sources */ = {isa = PBXBuildFile; fileRef = 134894C020BE302F00CAB728 /* bcurl.c */; };
		13F1CB9A10569E1A005DEDB9 /* alloc.c in Sources */ = {isa = PBXBuildFile; fileRef = 13F1CADE10569E1A005DEDB9 /* alloc.c */; };
		13F1CBA110569E1A005DEDB9 /* arith.c in Sources */ = {isa = PBXBuildFile; fileRef = 13F1CAEC10569E1A005DEDB9 /* arith.c */; };
		13F1CBA210569E1A005DEDB9 /* bcinter.c in Sources */ = {isa = PBXBuildFile; fileRef = 13F1CAED10569E1A005DEDB9 /* bcinter.c */; };
		13F1CBA310569E1A005DEDB9 /* bdb.c in Sources */ = {isa = PBXBuildFile; fileRef = 13F1CAEE10569E1A005DEDB9 /* bdb.c */; };
		13F1CBA410569E1A005DEDB9 /* bdbg.c in Sources */ = {isa = PBXBuildFile; fileRef = 13F1CAEF10569E1A005DEDB9 /* bdbg.c */; };
		13F1CBA510569E1A005DEDB9 /* bgv.c in Sources */ = {isa = PBXBuildFile; fileRef = 13F1CAF010569E1A005DEDB9 /* bgv.c */; };
		13F1CBA610569E1A005DEDB9 /* bio.c in Sources */ = {isa = PBXBuildFile; fileRef = 13F1CAF110569E1A005DEDB9 /* bio.c */; };
		13F1CBA710569E1A005DEDB9 /* bmeta.c in Sources */ = {isa = PBXBuildFile; fileRef = 13F1CAF210569E1A005DEDB9 /* bmeta.c */; };
		13F1CBA810569E1A005DEDB9 /* bmisc.c in Sources */ = {isa = PBXBuildFile; fileRef = 13F1CAF310569E1A005DEDB9 /* bmisc.c */; };
		13F1CBA910569E1A005DEDB9 /* bos.c in Sources */ = {isa = PBXBuildFile; fileRef = 13F1CAF410569E1A005DEDB9 /* bos.c */; };
		13F1CBAA10569E1A005DEDB9 /* bparser.c in Sources */ = {isa = PBXBuildFile; fileRef = 13F1CAF510569E1A005DEDB9 /* bparser.c */; };
		13F1CBAB10569E1A005DEDB9 /* bpckg.c in Sources */ = {isa = PBXBuildFile; fileRef = 13F1CAF610569E1A005DEDB9 /* bpckg.c */; };
		13F1CBAC10569E1A005DEDB9 /* bsio.c in Sources */ = {isa = PBXBuildFile; fileRef = 13F1CAF710569E1A005DEDB9 /* bsio.c */; };
		13F1CBAD10569E1A005DEDB9 /* bsystem.c in Sources */ = {isa = PBXBuildFile; fileRef = 13F1CAF910569E1A005DEDB9 /* bsystem.c */; };
		13F1CBAE10569E1A005DEDB9 /* built.c in Sources */ = {isa = PBXBuildFile; fileRef = 13F1CAFA10569E1A005DEDB9 /* built.c */; };
		13F1CBAF10569E1A005DEDB9 /* butil.c in Sources */ = {isa = PBXBuildFile; fileRef = 13F1CAFC10569E1A005DEDB9 /* butil.c */; };
		13F1CBB010569E1A005DEDB9 /* cassert.c in Sources */ = {isa = PBXBuildFile; fileRef = 13F1CAFD10569E1A005DEDB9 /* cassert.c */; };
		13F1CBB110569E1A005DEDB9 /* cexception.c in Sources */ = {isa = PBXBuildFile; fileRef = 13F1CAFF10569E1A005DEDB9 /* cexception.c */; };
		13F1CBB210569E1A005DEDB9 /* cinterf.c in Sources */ = {isa = PBXBuildFile; fileRef = 13F1CB0310569E1A005DEDB9 /* cinterf.c */; };
		13F1CBB310569E1A005DEDB9 /* compile.c in Sources */ = {isa = PBXBuildFile; fileRef = 13F1CB0610569E1A005DEDB9 /* compile.c */; };
		13F1CBB410569E1A005DEDB9 /* compmath.c in Sources */ = {isa = PBXBuildFile; fileRef = 13F1CB0810569E1A005DEDB9 /* compmath.c */; };
		13F1CBB510569E1A005DEDB9 /* cutmacro.c in Sources */ = {isa = PBXBuildFile; fileRef = 13F1CB0910569E1A005DEDB9 /* cutmacro.c */; };
		13F1CBB610569E1A005DEDB9 /* debugsys.c in Sources */ = {isa = PBXBuildFile; fileRef = 13F1CB0C10569E1A005DEDB9 /* debugsys.c */; };
		13F1CBB910569E1A005DEDB9 /* dump_wam.c in Sources */ = {isa = PBXBuildFile; fileRef = 13F1CB1E10569E1A005DEDB9 /* dump_wam.c */; };
		13F1CBBA10569E1A005DEDB9 /* engine.c in Sources */ = {isa = PBXBuildFile; fileRef = 13F1CB2010569E1A005DEDB9 /* engine.c */; };
		13F1CBBB10569E1A005DEDB9 /* expand.c in Sources */ = {isa = PBXBuildFile; fileRef = 13F1CB2210569E1A005DEDB9 /* expand.c */; };
		13F1CBBC10569E1A005DEDB9 /* fatal.c in Sources */ = {isa = PBXBuildFile; fileRef = 13F1CB2310569E1A005DEDB9 /* fatal.c */; };
		13F1CBBD10569E1A005DEDB9 /* fileio.c in Sources */ = {isa = PBXBuildFile; fileRef = 13F1CB2510569E1A005DEDB9 /* fileio.c */; };
		13F1CBBE10569E1A005DEDB9 /* foreign.c in Sources */ = {isa = PBXBuildFile; fileRef = 13F1CB2710569E1A005DEDB9 /* foreign.c */; };
		13F1CBBF10569E1A005DEDB9 /* fpbasis.c in Sources */ = {isa = PBXBuildFile; fileRef = 13F1CB2810569E1A005DEDB9 /* fpbasis.c */; };
		13F1CBC010569E1A005DEDB9 /* freeze.c in Sources */ = {isa = PBXBuildFile; fileRef = 13F1CB2A10569E1A005DEDB9 /* freeze.c */; };
		13F1CBC110569E1A005DEDB9 /* fsdos.c in Sources */ = {isa = PBXBuildFile; fileRef = 13F1CB2C10569E1A005DEDB9 /* fsdos.c */; };
		13F1CBC210569E1A005DEDB9 /* fsmac.c in Sources */ = {isa = PBXBuildFile; fileRef = 13F1CB2D10569E1A005DEDB9 /* fsmac.c */; };
		13F1CBC410569E1A005DEDB9 /* fsvms.c in Sources */ = {isa = PBXBuildFile; fileRef = 13F1CB2F10569E1A005DEDB9 /* fsvms.c */; };
		13F1CBC510569E1A005DEDB9 /* fswin32.c in Sources */ = {isa = PBXBuildFile; fileRef = 13F1CB3010569E1A005DEDB9 /* fswin32.c */; };
		13F1CBC610569E1A005DEDB9 /* gc.c in Sources */ = {isa = PBXBuildFile; fileRef = 13F1CB3210569E1A005DEDB9 /* gc.c */; };
		13F1CBCD10569E1A005DEDB9 /* gv.c in Sources */ = {isa = PBXBuildFile; fileRef = 13F1CB4D10569E1A005DEDB9 /* gv.c */; };
		13F1CBCE10569E1A005DEDB9 /* index.c in Sources */ = {isa = PBXBuildFile; fileRef = 13F1CB5310569E1A005DEDB9 /* index.c */; };
		13F1CBD210569E1A005DEDB9 /* lexan.c in Sources */ = {isa = PBXBuildFile; fileRef = 13F1CB5B10569E1A005DEDB9 /* lexan.c */; };
		13F1CBD310569E1A005DEDB9 /* lforeign.c in Sources */ = {isa = PBXBuildFile; fileRef = 13F1CB5D10569E1A005DEDB9 /* lforeign.c */; };
		13F1CBD410569E1A005DEDB9 /* loadfile.c in Sources */ = {isa = PBXBuildFile; fileRef = 13F1CB5E10569E1A005DEDB9 /* loadfile.c */; };
		13F1CBD510569E1A005DEDB9 /* main.c in Sources */ = {isa = PBXBuildFile; fileRef = 13F1CB6010569E1A005DEDB9 /* main.c */; };
		13F1CBD610569E1A005DEDB9 /* mapsym.c in Sources */ = {isa = PBXBuildFile; fileRef = 13F1CB6210569E1A005DEDB9 /* mapsym.c */; };
		13F1CBD710569E1A005DEDB9 /* mem.c in Sources */ = {isa = PBXBuildFile; fileRef = 13F1CB6310569E1A005DEDB9 /* mem.c */; };
		13F1CBD810569E1A005DEDB9 /* module.c in Sources */ = {isa = PBXBuildFile; fileRef = 13F1CB6410569E1A005DEDB9 /* module.c */; };
		13F1CBD910569E1A005DEDB9 /* new_alspi.c in Sources */ = {isa = PBXBuildFile; fileRef = 13F1CB6610569E1A005DEDB9 /* new_alspi.c */; };
		13F1CBDA10569E1A005DEDB9 /* newpckgcoff.c in Sources */ = {isa = PBXBuildFile; fileRef = 13F1CB6910569E1A005DEDB9 /* newpckgcoff.c */; };
		13F1CBDB10569E1A005DEDB9 /* nopckg.c in Sources */ = {isa = PBXBuildFile; fileRef = 13F1CB6D10569E1A005DEDB9 /* nopckg.c */; };
		13F1CBDC10569E1A005DEDB9 /* paction.c in Sources */ = {isa = PBXBuildFile; fileRef = 13F1CB6E10569E1A005DEDB9 /* paction.c */; };
		13F1CBDD10569E1A005DEDB9 /* parser.c in Sources */ = {isa = PBXBuildFile; fileRef = 13F1CB6F10569E1A005DEDB9 /* parser.c */; };
		13F1CBDE10569E1A005DEDB9 /* pckgcoff.c in Sources */ = {isa = PBXBuildFile; fileRef = 13F1CB7310569E1A005DEDB9 /* pckgcoff.c */; };
		13F1CBDF10569E1A005DEDB9 /* pckgload.c in Sources */ = {isa = PBXBuildFile; fileRef = 13F1CB7510569E1A005DEDB9 /* pckgload.c */; };
		13F1CBE010569E1A005DEDB9 /* pckgmake.c in Sources */ = {isa = PBXBuildFile; fileRef = 13F1CB7610569E1A005DEDB9 /* pckgmake.c */; };
		13F1CBE110569E1A005DEDB9 /* pi_init.c in Sources */ = {isa = PBXBuildFile; fileRef = 13F1CB7910569E1A005DEDB9 /* pi_init.c */; };
		13F1CBE210569E1A005DEDB9 /* pimain.c in Sources */ = {isa = PBXBuildFile; fileRef = 13F1CB7B10569E1A005DEDB9 /* pimain.c */; };
		13F1CBE310569E1A005DEDB9 /* random.c in Sources */ = {isa = PBXBuildFile; fileRef = 13F1CB7D10569E1A005DEDB9 /* random.c */; };
		13F1CBE410569E1A005DEDB9 /* relocate_code.c in Sources */ = {isa = PBXBuildFile; fileRef = 13F1CB7F10569E1A005DEDB9 /* relocate_code.c */; };
		13F1CBE510569E1A005DEDB9 /* rinfo.c in Sources */ = {isa = PBXBuildFile; fileRef = 13F1CB8010569E1A005DEDB9 /* rinfo.c */; };
		13F1CBE710569E1A005DEDB9 /* sig.c in Sources */ = {isa = PBXBuildFile; fileRef = 13F1CB8410569E1A005DEDB9 /* sig.c */; };
		13F1CBE910569E1A005DEDB9 /* symtab.c in Sources */ = {isa = PBXBuildFile; fileRef = 13F1CB8710569E1A005DEDB9 /* symtab.c */; };
		13F1CBEB10569E1A005DEDB9 /* topmain.c in Sources */ = {isa = PBXBuildFile; fileRef = 13F1CB8910569E1A005DEDB9 /* topmain.c */; };
		13F1CBEC10569E1A005DEDB9 /* varproc.c in Sources */ = {isa = PBXBuildFile; fileRef = 13F1CB8A10569E1A005DEDB9 /* varproc.c */; };
		13F1CBED10569E1A005DEDB9 /* vprintf.c in Sources */ = {isa = PBXBuildFile; fileRef = 13F1CB8D10569E1A005DEDB9 /* vprintf.c */; };
		13F1CBEE10569E1A005DEDB9 /* wdisp.c in Sources */ = {isa = PBXBuildFile; fileRef = 13F1CB9210569E1A005DEDB9 /* wdisp.c */; };
		13F1CBF010569E1A005DEDB9 /* wintcode.c in Sources */ = {isa = PBXBuildFile; fileRef = 13F1CB9410569E1A005DEDB9 /* wintcode.c */; };
		13F1CBF110569E1A005DEDB9 /* winter.c in Sources */ = {isa = PBXBuildFile; fileRef = 13F1CB9610569E1A005DEDB9 /* winter.c */; };
		13F1CC2310569FD2005DEDB9 /* compat_glob.c in Sources */ = {isa = PBXBuildFile; fileRef = 13F1CC0410569FD2005DEDB9 /* compat_glob.c */; };
		13F1CC2410569FD2005DEDB9 /* missing.c in Sources */ = {isa = PBXBuildFile; fileRef = 13F1CC1410569FD2005DEDB9 /* missing.c */; };
		13F1CC2510569FD2005DEDB9 /* unix_engine.c in Sources */ = {isa = PBXBuildFile; fileRef = 13F1CC1C10569FD2005DEDB9 /* unix_engine.c */; };
		13F1CC2610569FD2005DEDB9 /* unix_locate.c in Sources */ = {isa = PBXBuildFile; fileRef = 13F1CC1D10569FD2005DEDB9 /* unix_locate.c */; };
		13F1CC2810569FD2005DEDB9 /* unix_static.c in Sources */ = {isa = PBXBuildFile; fileRef = 13F1CC2110569FD2005DEDB9 /* unix_static.c */; };
		13F1CC2910569FD2005DEDB9 /* unixio.c in Sources */ = {isa = PBXBuildFile; fileRef = 13F1CC2210569FD2005DEDB9 /* unixio.c */; };
		13F1CC411056A00E005DEDB9 /* disassem.c in Sources */ = {isa = PBXBuildFile; fileRef = 13F1CC351056A00E005DEDB9 /* disassem.c */; };
		13F1CC421056A00E005DEDB9 /* icode1.c in Sources */ = {isa = PBXBuildFile; fileRef = 13F1CC361056A00E005DEDB9 /* icode1.c */; };
		13F1CC431056A00E005DEDB9 /* icode2.c in Sources */ = {isa = PBXBuildFile; fileRef = 13F1CC371056A00E005DEDB9 /* icode2.c */; };
		13F1CC441056A00E005DEDB9 /* wam.c in Sources */ = {isa = PBXBuildFile; fileRef = 13F1CC3D1056A00E005DEDB9 /* wam.c */; };
/* End PBXBuildFile section */

/* Begin PBXFileReference section */
		130883491FFC6619006C260E /* linenoise.h */ = {isa = PBXFileReference; fileEncoding = 4; lastKnownFileType = sourcecode.c.h; path = linenoise.h; sourceTree = "<group>"; };
		1308834A1FFC6619006C260E /* linenoise.c */ = {isa = PBXFileReference; fileEncoding = 4; lastKnownFileType = sourcecode.c.c; path = linenoise.c; sourceTree = "<group>"; };
		134894C020BE302F00CAB728 /* bcurl.c */ = {isa = PBXFileReference; fileEncoding = 4; lastKnownFileType = sourcecode.c.c; path = bcurl.c; sourceTree = "<group>"; };
		13F1CADE10569E1A005DEDB9 /* alloc.c */ = {isa = PBXFileReference; fileEncoding = 4; lastKnownFileType = sourcecode.c.c; path = alloc.c; sourceTree = "<group>"; };
		13F1CAE010569E1A005DEDB9 /* alloc.h */ = {isa = PBXFileReference; fileEncoding = 4; lastKnownFileType = sourcecode.c.h; path = alloc.h; sourceTree = "<group>"; };
		13F1CAE110569E1A005DEDB9 /* alsmem.h */ = {isa = PBXFileReference; fileEncoding = 4; lastKnownFileType = sourcecode.c.h; path = alsmem.h; sourceTree = "<group>"; };
		13F1CAE210569E1A005DEDB9 /* alspi.h */ = {isa = PBXFileReference; fileEncoding = 4; lastKnownFileType = sourcecode.c.h; path = alspi.h; sourceTree = "<group>"; };
		13F1CAE510569E1A005DEDB9 /* alspi_slib.h */ = {isa = PBXFileReference; fileEncoding = 4; lastKnownFileType = sourcecode.c.h; path = alspi_slib.h; sourceTree = "<group>"; };
		13F1CAE910569E1A005DEDB9 /* alssig.h */ = {isa = PBXFileReference; fileEncoding = 4; lastKnownFileType = sourcecode.c.h; path = alssig.h; sourceTree = "<group>"; };
		13F1CAEA10569E1A005DEDB9 /* alstypes.h */ = {isa = PBXFileReference; fileEncoding = 4; lastKnownFileType = sourcecode.c.h; path = alstypes.h; sourceTree = "<group>"; };
		13F1CAEC10569E1A005DEDB9 /* arith.c */ = {isa = PBXFileReference; fileEncoding = 4; lastKnownFileType = sourcecode.c.c; path = arith.c; sourceTree = "<group>"; };
		13F1CAED10569E1A005DEDB9 /* bcinter.c */ = {isa = PBXFileReference; fileEncoding = 4; lastKnownFileType = sourcecode.c.c; path = bcinter.c; sourceTree = "<group>"; };
		13F1CAEE10569E1A005DEDB9 /* bdb.c */ = {isa = PBXFileReference; fileEncoding = 4; lastKnownFileType = sourcecode.c.c; path = bdb.c; sourceTree = "<group>"; };
		13F1CAEF10569E1A005DEDB9 /* bdbg.c */ = {isa = PBXFileReference; fileEncoding = 4; lastKnownFileType = sourcecode.c.c; path = bdbg.c; sourceTree = "<group>"; };
		13F1CAF010569E1A005DEDB9 /* bgv.c */ = {isa = PBXFileReference; fileEncoding = 4; lastKnownFileType = sourcecode.c.c; path = bgv.c; sourceTree = "<group>"; };
		13F1CAF110569E1A005DEDB9 /* bio.c */ = {isa = PBXFileReference; fileEncoding = 4; lastKnownFileType = sourcecode.c.c; path = bio.c; sourceTree = "<group>"; };
		13F1CAF210569E1A005DEDB9 /* bmeta.c */ = {isa = PBXFileReference; fileEncoding = 4; lastKnownFileType = sourcecode.c.c; path = bmeta.c; sourceTree = "<group>"; };
		13F1CAF310569E1A005DEDB9 /* bmisc.c */ = {isa = PBXFileReference; fileEncoding = 4; lastKnownFileType = sourcecode.c.c; path = bmisc.c; sourceTree = "<group>"; };
		13F1CAF410569E1A005DEDB9 /* bos.c */ = {isa = PBXFileReference; fileEncoding = 4; lastKnownFileType = sourcecode.c.c; path = bos.c; sourceTree = "<group>"; };
		13F1CAF510569E1A005DEDB9 /* bparser.c */ = {isa = PBXFileReference; fileEncoding = 4; lastKnownFileType = sourcecode.c.c; path = bparser.c; sourceTree = "<group>"; };
		13F1CAF610569E1A005DEDB9 /* bpckg.c */ = {isa = PBXFileReference; fileEncoding = 4; lastKnownFileType = sourcecode.c.c; path = bpckg.c; sourceTree = "<group>"; };
		13F1CAF710569E1A005DEDB9 /* bsio.c */ = {isa = PBXFileReference; fileEncoding = 4; lastKnownFileType = sourcecode.c.c; path = bsio.c; sourceTree = "<group>"; };
		13F1CAF810569E1A005DEDB9 /* bsio.h */ = {isa = PBXFileReference; fileEncoding = 4; lastKnownFileType = sourcecode.c.h; path = bsio.h; sourceTree = "<group>"; };
		13F1CAF910569E1A005DEDB9 /* bsystem.c */ = {isa = PBXFileReference; fileEncoding = 4; lastKnownFileType = sourcecode.c.c; path = bsystem.c; sourceTree = "<group>"; };
		13F1CAFA10569E1A005DEDB9 /* built.c */ = {isa = PBXFileReference; fileEncoding = 4; lastKnownFileType = sourcecode.c.c; path = built.c; sourceTree = "<group>"; };
		13F1CAFB10569E1A005DEDB9 /* built.h */ = {isa = PBXFileReference; fileEncoding = 4; lastKnownFileType = sourcecode.c.h; path = built.h; sourceTree = "<group>"; };
		13F1CAFC10569E1A005DEDB9 /* butil.c */ = {isa = PBXFileReference; fileEncoding = 4; lastKnownFileType = sourcecode.c.c; path = butil.c; sourceTree = "<group>"; };
		13F1CAFD10569E1A005DEDB9 /* cassert.c */ = {isa = PBXFileReference; fileEncoding = 4; lastKnownFileType = sourcecode.c.c; path = cassert.c; sourceTree = "<group>"; };
		13F1CAFE10569E1A005DEDB9 /* cassert.h */ = {isa = PBXFileReference; fileEncoding = 4; lastKnownFileType = sourcecode.c.h; path = cassert.h; sourceTree = "<group>"; };
		13F1CAFF10569E1A005DEDB9 /* cexception.c */ = {isa = PBXFileReference; fileEncoding = 4; lastKnownFileType = sourcecode.c.c; path = cexception.c; sourceTree = "<group>"; };
		13F1CB0010569E1A005DEDB9 /* cexception.h */ = {isa = PBXFileReference; fileEncoding = 4; lastKnownFileType = sourcecode.c.h; path = cexception.h; sourceTree = "<group>"; };
		13F1CB0110569E1A005DEDB9 /* chpt.h */ = {isa = PBXFileReference; fileEncoding = 4; lastKnownFileType = sourcecode.c.h; path = chpt.h; sourceTree = "<group>"; };
		13F1CB0310569E1A005DEDB9 /* cinterf.c */ = {isa = PBXFileReference; fileEncoding = 4; lastKnownFileType = sourcecode.c.c; path = cinterf.c; sourceTree = "<group>"; };
		13F1CB0410569E1A005DEDB9 /* cinterf.h */ = {isa = PBXFileReference; fileEncoding = 4; lastKnownFileType = sourcecode.c.h; path = cinterf.h; sourceTree = "<group>"; };
		13F1CB0510569E1A005DEDB9 /* coerce.h */ = {isa = PBXFileReference; fileEncoding = 4; lastKnownFileType = sourcecode.c.h; path = coerce.h; sourceTree = "<group>"; };
		13F1CB0610569E1A005DEDB9 /* compile.c */ = {isa = PBXFileReference; fileEncoding = 4; lastKnownFileType = sourcecode.c.c; path = compile.c; sourceTree = "<group>"; };
		13F1CB0710569E1A005DEDB9 /* compile.h */ = {isa = PBXFileReference; fileEncoding = 4; lastKnownFileType = sourcecode.c.h; path = compile.h; sourceTree = "<group>"; };
		13F1CB0810569E1A005DEDB9 /* compmath.c */ = {isa = PBXFileReference; fileEncoding = 4; lastKnownFileType = sourcecode.c.c; path = compmath.c; sourceTree = "<group>"; };
		13F1CB0910569E1A005DEDB9 /* cutmacro.c */ = {isa = PBXFileReference; fileEncoding = 4; lastKnownFileType = sourcecode.c.c; path = cutmacro.c; sourceTree = "<group>"; };
		13F1CB0A10569E1A005DEDB9 /* cutmacro.h */ = {isa = PBXFileReference; fileEncoding = 4; lastKnownFileType = sourcecode.c.h; path = cutmacro.h; sourceTree = "<group>"; };
		13F1CB0B10569E1A005DEDB9 /* debug.txt */ = {isa = PBXFileReference; fileEncoding = 4; lastKnownFileType = text; path = debug.txt; sourceTree = "<group>"; };
		13F1CB0C10569E1A005DEDB9 /* debugsys.c */ = {isa = PBXFileReference; fileEncoding = 4; lastKnownFileType = sourcecode.c.c; path = debugsys.c; sourceTree = "<group>"; };
		13F1CB0D10569E1A005DEDB9 /* debugsys.h */ = {isa = PBXFileReference; fileEncoding = 4; lastKnownFileType = sourcecode.c.h; path = debugsys.h; sourceTree = "<group>"; };
		13F1CB0E10569E1A005DEDB9 /* defs.h */ = {isa = PBXFileReference; fileEncoding = 4; lastKnownFileType = sourcecode.c.h; path = defs.h; sourceTree = "<group>"; };
		13F1CB1010569E1A005DEDB9 /* dfltsys.h */ = {isa = PBXFileReference; fileEncoding = 4; lastKnownFileType = sourcecode.c.h; path = dfltsys.h; sourceTree = "<group>"; };
		13F1CB1E10569E1A005DEDB9 /* dump_wam.c */ = {isa = PBXFileReference; fileEncoding = 4; lastKnownFileType = sourcecode.c.c; path = dump_wam.c; sourceTree = "<group>"; };
		13F1CB1F10569E1A005DEDB9 /* dump_wam.h */ = {isa = PBXFileReference; fileEncoding = 4; lastKnownFileType = sourcecode.c.h; path = dump_wam.h; sourceTree = "<group>"; };
		13F1CB2010569E1A005DEDB9 /* engine.c */ = {isa = PBXFileReference; fileEncoding = 4; lastKnownFileType = sourcecode.c.c; path = engine.c; sourceTree = "<group>"; };
		13F1CB2110569E1A005DEDB9 /* engine.h */ = {isa = PBXFileReference; fileEncoding = 4; lastKnownFileType = sourcecode.c.h; path = engine.h; sourceTree = "<group>"; };
		13F1CB2210569E1A005DEDB9 /* expand.c */ = {isa = PBXFileReference; fileEncoding = 4; lastKnownFileType = sourcecode.c.c; path = expand.c; sourceTree = "<group>"; };
		13F1CB2310569E1A005DEDB9 /* fatal.c */ = {isa = PBXFileReference; fileEncoding = 4; lastKnownFileType = sourcecode.c.c; path = fatal.c; sourceTree = "<group>"; };
		13F1CB2410569E1A005DEDB9 /* fatal.h */ = {isa = PBXFileReference; fileEncoding = 4; lastKnownFileType = sourcecode.c.h; path = fatal.h; sourceTree = "<group>"; };
		13F1CB2510569E1A005DEDB9 /* fileio.c */ = {isa = PBXFileReference; fileEncoding = 4; lastKnownFileType = sourcecode.c.c; path = fileio.c; sourceTree = "<group>"; };
		13F1CB2610569E1A005DEDB9 /* fileio.h */ = {isa = PBXFileReference; fileEncoding = 4; lastKnownFileType = sourcecode.c.h; path = fileio.h; sourceTree = "<group>"; };
		13F1CB2710569E1A005DEDB9 /* foreign.c */ = {isa = PBXFileReference; fileEncoding = 4; lastKnownFileType = sourcecode.c.c; path = foreign.c; sourceTree = "<group>"; };
		13F1CB2810569E1A005DEDB9 /* fpbasis.c */ = {isa = PBXFileReference; fileEncoding = 4; lastKnownFileType = sourcecode.c.c; path = fpbasis.c; sourceTree = "<group>"; };
		13F1CB2910569E1A005DEDB9 /* fpbasis.h */ = {isa = PBXFileReference; fileEncoding = 4; lastKnownFileType = sourcecode.c.h; path = fpbasis.h; sourceTree = "<group>"; };
		13F1CB2A10569E1A005DEDB9 /* freeze.c */ = {isa = PBXFileReference; fileEncoding = 4; lastKnownFileType = sourcecode.c.c; path = freeze.c; sourceTree = "<group>"; };
		13F1CB2B10569E1A005DEDB9 /* freeze.h */ = {isa = PBXFileReference; fileEncoding = 4; lastKnownFileType = sourcecode.c.h; path = freeze.h; sourceTree = "<group>"; };
		13F1CB2C10569E1A005DEDB9 /* fsdos.c */ = {isa = PBXFileReference; fileEncoding = 4; lastKnownFileType = sourcecode.c.c; path = fsdos.c; sourceTree = "<group>"; };
		13F1CB2D10569E1A005DEDB9 /* fsmac.c */ = {isa = PBXFileReference; fileEncoding = 4; lastKnownFileType = sourcecode.c.c; path = fsmac.c; sourceTree = "<group>"; };
		13F1CB2F10569E1A005DEDB9 /* fsvms.c */ = {isa = PBXFileReference; fileEncoding = 4; lastKnownFileType = sourcecode.c.c; path = fsvms.c; sourceTree = "<group>"; };
		13F1CB3010569E1A005DEDB9 /* fswin32.c */ = {isa = PBXFileReference; fileEncoding = 4; lastKnownFileType = sourcecode.c.c; path = fswin32.c; sourceTree = "<group>"; };
		13F1CB3110569E1A005DEDB9 /* fswin32.h */ = {isa = PBXFileReference; fileEncoding = 4; lastKnownFileType = sourcecode.c.h; path = fswin32.h; sourceTree = "<group>"; };
		13F1CB3210569E1A005DEDB9 /* gc.c */ = {isa = PBXFileReference; fileEncoding = 4; lastKnownFileType = sourcecode.c.c; path = gc.c; sourceTree = "<group>"; };
		13F1CB4B10569E1A005DEDB9 /* generic.mkf */ = {isa = PBXFileReference; fileEncoding = 4; lastKnownFileType = text; path = generic.mkf; sourceTree = "<group>"; };
		13F1CB4C10569E1A005DEDB9 /* gnu_makefile */ = {isa = PBXFileReference; fileEncoding = 4; lastKnownFileType = text; path = gnu_makefile; sourceTree = "<group>"; };
		13F1CB4D10569E1A005DEDB9 /* gv.c */ = {isa = PBXFileReference; fileEncoding = 4; lastKnownFileType = sourcecode.c.c; path = gv.c; sourceTree = "<group>"; };
		13F1CB4E10569E1A005DEDB9 /* hztypes.h */ = {isa = PBXFileReference; fileEncoding = 4; lastKnownFileType = sourcecode.c.h; path = hztypes.h; sourceTree = "<group>"; };
		13F1CB4F10569E1A005DEDB9 /* icode.h */ = {isa = PBXFileReference; fileEncoding = 4; lastKnownFileType = sourcecode.c.h; path = icode.h; sourceTree = "<group>"; };
		13F1CB5010569E1A005DEDB9 /* icodedef.h */ = {isa = PBXFileReference; fileEncoding = 4; lastKnownFileType = sourcecode.c.h; path = icodedef.h; sourceTree = "<group>"; };
		13F1CB5110569E1A005DEDB9 /* icodegen.h */ = {isa = PBXFileReference; fileEncoding = 4; lastKnownFileType = sourcecode.c.h; path = icodegen.h; sourceTree = "<group>"; };
		13F1CB5210569E1A005DEDB9 /* icom.h */ = {isa = PBXFileReference; fileEncoding = 4; lastKnownFileType = sourcecode.c.h; path = icom.h; sourceTree = "<group>"; };
		13F1CB5310569E1A005DEDB9 /* index.c */ = {isa = PBXFileReference; fileEncoding = 4; lastKnownFileType = sourcecode.c.c; path = index.c; sourceTree = "<group>"; };
		13F1CB5A10569E1A005DEDB9 /* istr.h */ = {isa = PBXFileReference; fileEncoding = 4; lastKnownFileType = sourcecode.c.h; path = istr.h; sourceTree = "<group>"; };
		13F1CB5B10569E1A005DEDB9 /* lexan.c */ = {isa = PBXFileReference; fileEncoding = 4; lastKnownFileType = sourcecode.c.c; path = lexan.c; sourceTree = "<group>"; };
		13F1CB5C10569E1A005DEDB9 /* lexan.h */ = {isa = PBXFileReference; fileEncoding = 4; lastKnownFileType = sourcecode.c.h; path = lexan.h; sourceTree = "<group>"; };
		13F1CB5D10569E1A005DEDB9 /* lforeign.c */ = {isa = PBXFileReference; fileEncoding = 4; lastKnownFileType = sourcecode.c.c; path = lforeign.c; sourceTree = "<group>"; };
		13F1CB5E10569E1A005DEDB9 /* loadfile.c */ = {isa = PBXFileReference; fileEncoding = 4; lastKnownFileType = sourcecode.c.c; path = loadfile.c; sourceTree = "<group>"; };
		13F1CB5F10569E1A005DEDB9 /* magic.h */ = {isa = PBXFileReference; fileEncoding = 4; lastKnownFileType = sourcecode.c.h; path = magic.h; sourceTree = "<group>"; };
		13F1CB6010569E1A005DEDB9 /* main.c */ = {isa = PBXFileReference; fileEncoding = 4; lastKnownFileType = sourcecode.c.c; path = main.c; sourceTree = "<group>"; };
		13F1CB6110569E1A005DEDB9 /* main.h */ = {isa = PBXFileReference; fileEncoding = 4; lastKnownFileType = sourcecode.c.h; path = main.h; sourceTree = "<group>"; };
		13F1CB6210569E1A005DEDB9 /* mapsym.c */ = {isa = PBXFileReference; fileEncoding = 4; lastKnownFileType = sourcecode.c.c; path = mapsym.c; sourceTree = "<group>"; };
		13F1CB6310569E1A005DEDB9 /* mem.c */ = {isa = PBXFileReference; fileEncoding = 4; lastKnownFileType = sourcecode.c.c; path = mem.c; sourceTree = "<group>"; };
		13F1CB6410569E1A005DEDB9 /* module.c */ = {isa = PBXFileReference; fileEncoding = 4; lastKnownFileType = sourcecode.c.c; path = module.c; sourceTree = "<group>"; };
		13F1CB6510569E1A005DEDB9 /* module.h */ = {isa = PBXFileReference; fileEncoding = 4; lastKnownFileType = sourcecode.c.h; path = module.h; sourceTree = "<group>"; };
		13F1CB6610569E1A005DEDB9 /* new_alspi.c */ = {isa = PBXFileReference; fileEncoding = 4; lastKnownFileType = sourcecode.c.c; path = new_alspi.c; sourceTree = "<group>"; };
		13F1CB6710569E1A005DEDB9 /* new_alspi.h */ = {isa = PBXFileReference; fileEncoding = 4; lastKnownFileType = sourcecode.c.h; path = new_alspi.h; sourceTree = "<group>"; };
		13F1CB6810569E1A005DEDB9 /* newlexinit.h */ = {isa = PBXFileReference; fileEncoding = 4; lastKnownFileType = sourcecode.c.h; path = newlexinit.h; sourceTree = "<group>"; };
		13F1CB6910569E1A005DEDB9 /* newpckgcoff.c */ = {isa = PBXFileReference; fileEncoding = 4; lastKnownFileType = sourcecode.c.c; path = newpckgcoff.c; sourceTree = "<group>"; };
		13F1CB6A10569E1A005DEDB9 /* newsiolex.h */ = {isa = PBXFileReference; fileEncoding = 4; lastKnownFileType = sourcecode.c.h; path = newsiolex.h; sourceTree = "<group>"; };
		13F1CB6B10569E1A005DEDB9 /* newtokens.h */ = {isa = PBXFileReference; fileEncoding = 4; lastKnownFileType = sourcecode.c.h; path = newtokens.h; sourceTree = "<group>"; };
		13F1CB6C10569E1A005DEDB9 /* newtokini.h */ = {isa = PBXFileReference; fileEncoding = 4; lastKnownFileType = sourcecode.c.h; path = newtokini.h; sourceTree = "<group>"; };
		13F1CB6D10569E1A005DEDB9 /* nopckg.c */ = {isa = PBXFileReference; fileEncoding = 4; lastKnownFileType = sourcecode.c.c; path = nopckg.c; sourceTree = "<group>"; };
		13F1CB6E10569E1A005DEDB9 /* paction.c */ = {isa = PBXFileReference; fileEncoding = 4; lastKnownFileType = sourcecode.c.c; path = paction.c; sourceTree = "<group>"; };
		13F1CB6F10569E1A005DEDB9 /* parser.c */ = {isa = PBXFileReference; fileEncoding = 4; lastKnownFileType = sourcecode.c.c; path = parser.c; sourceTree = "<group>"; };
		13F1CB7010569E1A005DEDB9 /* parser.h */ = {isa = PBXFileReference; fileEncoding = 4; lastKnownFileType = sourcecode.c.h; path = parser.h; sourceTree = "<group>"; };
		13F1CB7110569E1A005DEDB9 /* parsstak.h */ = {isa = PBXFileReference; fileEncoding = 4; lastKnownFileType = sourcecode.c.h; path = parsstak.h; sourceTree = "<group>"; };
		13F1CB7210569E1A005DEDB9 /* pckg.h */ = {isa = PBXFileReference; fileEncoding = 4; lastKnownFileType = sourcecode.c.h; path = pckg.h; sourceTree = "<group>"; };
		13F1CB7310569E1A005DEDB9 /* pckgcoff.c */ = {isa = PBXFileReference; fileEncoding = 4; lastKnownFileType = sourcecode.c.c; path = pckgcoff.c; sourceTree = "<group>"; };
		13F1CB7410569E1A005DEDB9 /* pckgcoff.h */ = {isa = PBXFileReference; fileEncoding = 4; lastKnownFileType = sourcecode.c.h; path = pckgcoff.h; sourceTree = "<group>"; };
		13F1CB7510569E1A005DEDB9 /* pckgload.c */ = {isa = PBXFileReference; fileEncoding = 4; lastKnownFileType = sourcecode.c.c; path = pckgload.c; sourceTree = "<group>"; };
		13F1CB7610569E1A005DEDB9 /* pckgmake.c */ = {isa = PBXFileReference; fileEncoding = 4; lastKnownFileType = sourcecode.c.c; path = pckgmake.c; sourceTree = "<group>"; };
		13F1CB7710569E1A005DEDB9 /* pckgmake.h */ = {isa = PBXFileReference; fileEncoding = 4; lastKnownFileType = sourcecode.c.h; path = pckgmake.h; sourceTree = "<group>"; };
		13F1CB7810569E1A005DEDB9 /* pi_cfg.in */ = {isa = PBXFileReference; fileEncoding = 4; lastKnownFileType = text; path = pi_cfg.in; sourceTree = "<group>"; };
		13F1CB7910569E1A005DEDB9 /* pi_init.c */ = {isa = PBXFileReference; fileEncoding = 4; lastKnownFileType = sourcecode.c.c; path = pi_init.c; sourceTree = "<group>"; };
		13F1CB7A10569E1A005DEDB9 /* pi_init.h */ = {isa = PBXFileReference; fileEncoding = 4; lastKnownFileType = sourcecode.c.h; path = pi_init.h; sourceTree = "<group>"; };
		13F1CB7B10569E1A005DEDB9 /* pimain.c */ = {isa = PBXFileReference; fileEncoding = 4; lastKnownFileType = sourcecode.c.c; path = pimain.c; sourceTree = "<group>"; };
		13F1CB7C10569E1A005DEDB9 /* property.tags */ = {isa = PBXFileReference; fileEncoding = 4; lastKnownFileType = text; path = property.tags; sourceTree = "<group>"; };
		13F1CB7D10569E1A005DEDB9 /* random.c */ = {isa = PBXFileReference; fileEncoding = 4; lastKnownFileType = sourcecode.c.c; path = random.c; sourceTree = "<group>"; };
		13F1CB7E10569E1A005DEDB9 /* random.h */ = {isa = PBXFileReference; fileEncoding = 4; lastKnownFileType = sourcecode.c.h; path = random.h; sourceTree = "<group>"; };
		13F1CB7F10569E1A005DEDB9 /* relocate_code.c */ = {isa = PBXFileReference; fileEncoding = 4; lastKnownFileType = sourcecode.c.c; path = relocate_code.c; sourceTree = "<group>"; };
		13F1CB8010569E1A005DEDB9 /* rinfo.c */ = {isa = PBXFileReference; fileEncoding = 4; lastKnownFileType = sourcecode.c.c; path = rinfo.c; sourceTree = "<group>"; };
		13F1CB8110569E1A005DEDB9 /* rinfo.h */ = {isa = PBXFileReference; fileEncoding = 4; lastKnownFileType = sourcecode.c.h; path = rinfo.h; sourceTree = "<group>"; };
		13F1CB8410569E1A005DEDB9 /* sig.c */ = {isa = PBXFileReference; fileEncoding = 4; lastKnownFileType = sourcecode.c.c; path = sig.c; sourceTree = "<group>"; };
		13F1CB8510569E1A005DEDB9 /* sig.h */ = {isa = PBXFileReference; fileEncoding = 4; lastKnownFileType = sourcecode.c.h; path = sig.h; sourceTree = "<group>"; };
		13F1CB8710569E1A005DEDB9 /* symtab.c */ = {isa = PBXFileReference; fileEncoding = 4; lastKnownFileType = sourcecode.c.c; path = symtab.c; sourceTree = "<group>"; };
		13F1CB8910569E1A005DEDB9 /* topmain.c */ = {isa = PBXFileReference; fileEncoding = 4; lastKnownFileType = sourcecode.c.c; path = topmain.c; sourceTree = "<group>"; };
		13F1CB8A10569E1A005DEDB9 /* varproc.c */ = {isa = PBXFileReference; fileEncoding = 4; lastKnownFileType = sourcecode.c.c; path = varproc.c; sourceTree = "<group>"; };
		13F1CB8B10569E1A005DEDB9 /* varproc.h */ = {isa = PBXFileReference; fileEncoding = 4; lastKnownFileType = sourcecode.c.h; path = varproc.h; sourceTree = "<group>"; };
		13F1CB8C10569E1A005DEDB9 /* version.h */ = {isa = PBXFileReference; fileEncoding = 4; lastKnownFileType = sourcecode.c.h; path = version.h; sourceTree = "<group>"; };
		13F1CB8D10569E1A005DEDB9 /* vprintf.c */ = {isa = PBXFileReference; fileEncoding = 4; lastKnownFileType = sourcecode.c.c; path = vprintf.c; sourceTree = "<group>"; };
		13F1CB8E10569E1A005DEDB9 /* wamops.h */ = {isa = PBXFileReference; fileEncoding = 4; lastKnownFileType = sourcecode.c.h; path = wamops.h; sourceTree = "<group>"; };
		13F1CB8F10569E1A005DEDB9 /* wamops0.h */ = {isa = PBXFileReference; fileEncoding = 4; lastKnownFileType = sourcecode.c.h; path = wamops0.h; sourceTree = "<group>"; };
		13F1CB9010569E1A005DEDB9 /* wci.h */ = {isa = PBXFileReference; fileEncoding = 4; lastKnownFileType = sourcecode.c.h; path = wci.h; sourceTree = "<group>"; };
		13F1CB9110569E1A005DEDB9 /* wd_size.h */ = {isa = PBXFileReference; fileEncoding = 4; lastKnownFileType = sourcecode.c.h; path = wd_size.h; sourceTree = "<group>"; };
		13F1CB9210569E1A005DEDB9 /* wdisp.c */ = {isa = PBXFileReference; fileEncoding = 4; lastKnownFileType = sourcecode.c.c; path = wdisp.c; sourceTree = "<group>"; };
		13F1CB9410569E1A005DEDB9 /* wintcode.c */ = {isa = PBXFileReference; fileEncoding = 4; lastKnownFileType = sourcecode.c.c; path = wintcode.c; sourceTree = "<group>"; };
		13F1CB9510569E1A005DEDB9 /* wintcode.h */ = {isa = PBXFileReference; fileEncoding = 4; lastKnownFileType = sourcecode.c.h; path = wintcode.h; sourceTree = "<group>"; };
		13F1CB9610569E1A005DEDB9 /* winter.c */ = {isa = PBXFileReference; fileEncoding = 4; lastKnownFileType = sourcecode.c.c; path = winter.c; sourceTree = "<group>"; };
		13F1CB9710569E1A005DEDB9 /* winter.h */ = {isa = PBXFileReference; fileEncoding = 4; lastKnownFileType = sourcecode.c.h; path = winter.h; sourceTree = "<group>"; };
		13F1CB9810569E1A005DEDB9 /* wintidx.h */ = {isa = PBXFileReference; fileEncoding = 4; lastKnownFileType = sourcecode.c.h; path = wintidx.h; sourceTree = "<group>"; };
		13F1CB9910569E1A005DEDB9 /* wntbl.h */ = {isa = PBXFileReference; fileEncoding = 4; lastKnownFileType = sourcecode.c.h; path = wntbl.h; sourceTree = "<group>"; };
		13F1CC0010569FD2005DEDB9 /* aix_config.h */ = {isa = PBXFileReference; fileEncoding = 4; lastKnownFileType = sourcecode.c.h; path = aix_config.h; sourceTree = "<group>"; };
		13F1CC0110569FD2005DEDB9 /* aix_makefile */ = {isa = PBXFileReference; fileEncoding = 4; lastKnownFileType = text; path = aix_makefile; sourceTree = "<group>"; };
		13F1CC0210569FD2005DEDB9 /* build_all */ = {isa = PBXFileReference; fileEncoding = 4; lastKnownFileType = text.script.sh; path = build_all; sourceTree = "<group>"; };
		13F1CC0310569FD2005DEDB9 /* cc_makefile */ = {isa = PBXFileReference; fileEncoding = 4; lastKnownFileType = text; path = cc_makefile; sourceTree = "<group>"; };
		13F1CC0410569FD2005DEDB9 /* compat_glob.c */ = {isa = PBXFileReference; fileEncoding = 4; lastKnownFileType = sourcecode.c.c; path = compat_glob.c; sourceTree = "<group>"; };
		13F1CC0510569FD2005DEDB9 /* compat_glob.h */ = {isa = PBXFileReference; fileEncoding = 4; lastKnownFileType = sourcecode.c.h; path = compat_glob.h; sourceTree = "<group>"; };
		13F1CC0610569FD2005DEDB9 /* cygwin32_config.h */ = {isa = PBXFileReference; fileEncoding = 4; lastKnownFileType = sourcecode.c.h; path = cygwin32_config.h; sourceTree = "<group>"; };
		13F1CC0710569FD2005DEDB9 /* cygwin32_makefile */ = {isa = PBXFileReference; fileEncoding = 4; lastKnownFileType = text; path = cygwin32_makefile; sourceTree = "<group>"; };
		13F1CC0810569FD2005DEDB9 /* darwin_config.h */ = {isa = PBXFileReference; fileEncoding = 4; lastKnownFileType = sourcecode.c.h; path = darwin_config.h; sourceTree = "<group>"; };
		13F1CC0910569FD2005DEDB9 /* darwin_makefile */ = {isa = PBXFileReference; fileEncoding = 4; lastKnownFileType = text; path = darwin_makefile; sourceTree = "<group>"; };
		13F1CC0A10569FD2005DEDB9 /* egcs_makefile */ = {isa = PBXFileReference; fileEncoding = 4; lastKnownFileType = text; path = egcs_makefile; sourceTree = "<group>"; };
		13F1CC0B10569FD2005DEDB9 /* gcc_makefile */ = {isa = PBXFileReference; fileEncoding = 4; lastKnownFileType = text; path = gcc_makefile; sourceTree = "<group>"; };
		13F1CC0C10569FD2005DEDB9 /* glibc20-cc */ = {isa = PBXFileReference; fileEncoding = 4; lastKnownFileType = text.script.sh; path = "glibc20-cc"; sourceTree = "<group>"; };
		13F1CC0D10569FD2005DEDB9 /* glibc20-cc_makefile */ = {isa = PBXFileReference; fileEncoding = 4; lastKnownFileType = text; path = "glibc20-cc_makefile"; sourceTree = "<group>"; };
		13F1CC0E10569FD2005DEDB9 /* hpux_config.h */ = {isa = PBXFileReference; fileEncoding = 4; lastKnownFileType = sourcecode.c.h; path = hpux_config.h; sourceTree = "<group>"; };
		13F1CC0F10569FD2005DEDB9 /* hpux_makefile */ = {isa = PBXFileReference; fileEncoding = 4; lastKnownFileType = text; path = hpux_makefile; sourceTree = "<group>"; };
		13F1CC1010569FD2005DEDB9 /* irix_config.h */ = {isa = PBXFileReference; fileEncoding = 4; lastKnownFileType = sourcecode.c.h; path = irix_config.h; sourceTree = "<group>"; };
		13F1CC1110569FD2005DEDB9 /* irix_makefile */ = {isa = PBXFileReference; fileEncoding = 4; lastKnownFileType = text; path = irix_makefile; sourceTree = "<group>"; };
		13F1CC1210569FD2005DEDB9 /* linux_config.h */ = {isa = PBXFileReference; fileEncoding = 4; lastKnownFileType = sourcecode.c.h; path = linux_config.h; sourceTree = "<group>"; };
		13F1CC1310569FD2005DEDB9 /* linux_makefile */ = {isa = PBXFileReference; fileEncoding = 4; lastKnownFileType = text; path = linux_makefile; sourceTree = "<group>"; };
		13F1CC1410569FD2005DEDB9 /* missing.c */ = {isa = PBXFileReference; fileEncoding = 4; lastKnownFileType = sourcecode.c.c; path = missing.c; sourceTree = "<group>"; };
		13F1CC1510569FD2005DEDB9 /* missing.h */ = {isa = PBXFileReference; fileEncoding = 4; lastKnownFileType = sourcecode.c.h; path = missing.h; sourceTree = "<group>"; };
		13F1CC1610569FD2005DEDB9 /* sgicc_makefile */ = {isa = PBXFileReference; fileEncoding = 4; lastKnownFileType = text; path = sgicc_makefile; sourceTree = "<group>"; };
		13F1CC1710569FD2005DEDB9 /* solaris_config.h */ = {isa = PBXFileReference; fileEncoding = 4; lastKnownFileType = sourcecode.c.h; path = solaris_config.h; sourceTree = "<group>"; };
		13F1CC1810569FD2005DEDB9 /* solaris_makefile */ = {isa = PBXFileReference; fileEncoding = 4; lastKnownFileType = text; path = solaris_makefile; sourceTree = "<group>"; };
		13F1CC1910569FD2005DEDB9 /* sunos_config.h */ = {isa = PBXFileReference; fileEncoding = 4; lastKnownFileType = sourcecode.c.h; path = sunos_config.h; sourceTree = "<group>"; };
		13F1CC1A10569FD2005DEDB9 /* sunos_makefile */ = {isa = PBXFileReference; fileEncoding = 4; lastKnownFileType = text; path = sunos_makefile; sourceTree = "<group>"; };
		13F1CC1B10569FD2005DEDB9 /* unix_config.h */ = {isa = PBXFileReference; fileEncoding = 4; lastKnownFileType = sourcecode.c.h; path = unix_config.h; sourceTree = "<group>"; };
		13F1CC1C10569FD2005DEDB9 /* unix_engine.c */ = {isa = PBXFileReference; fileEncoding = 4; lastKnownFileType = sourcecode.c.c; path = unix_engine.c; sourceTree = "<group>"; };
		13F1CC1D10569FD2005DEDB9 /* unix_locate.c */ = {isa = PBXFileReference; fileEncoding = 4; lastKnownFileType = sourcecode.c.c; path = unix_locate.c; sourceTree = "<group>"; };
		13F1CC1E10569FD2005DEDB9 /* unix_makefile */ = {isa = PBXFileReference; fileEncoding = 4; lastKnownFileType = text; path = unix_makefile; sourceTree = "<group>"; };
		13F1CC1F10569FD2005DEDB9 /* unix_setup */ = {isa = PBXFileReference; fileEncoding = 4; lastKnownFileType = text.script.sh; path = unix_setup; sourceTree = "<group>"; };
		13F1CC2110569FD2005DEDB9 /* unix_static.c */ = {isa = PBXFileReference; fileEncoding = 4; lastKnownFileType = sourcecode.c.c; path = unix_static.c; sourceTree = "<group>"; };
		13F1CC2210569FD2005DEDB9 /* unixio.c */ = {isa = PBXFileReference; fileEncoding = 4; lastKnownFileType = sourcecode.c.c; path = unixio.c; sourceTree = "<group>"; };
		13F1CC341056A00E005DEDB9 /* aconfig.h */ = {isa = PBXFileReference; fileEncoding = 4; lastKnownFileType = sourcecode.c.h; path = aconfig.h; sourceTree = "<group>"; };
		13F1CC351056A00E005DEDB9 /* disassem.c */ = {isa = PBXFileReference; fileEncoding = 4; lastKnownFileType = sourcecode.c.c; path = disassem.c; sourceTree = "<group>"; };
		13F1CC361056A00E005DEDB9 /* icode1.c */ = {isa = PBXFileReference; fileEncoding = 4; lastKnownFileType = sourcecode.c.c; path = icode1.c; sourceTree = "<group>"; };
		13F1CC371056A00E005DEDB9 /* icode2.c */ = {isa = PBXFileReference; fileEncoding = 4; lastKnownFileType = sourcecode.c.c; path = icode2.c; sourceTree = "<group>"; };
		13F1CC381056A00E005DEDB9 /* labels.h */ = {isa = PBXFileReference; fileEncoding = 4; lastKnownFileType = sourcecode.c.h; path = labels.h; sourceTree = "<group>"; };
		13F1CC391056A00E005DEDB9 /* machinst.h */ = {isa = PBXFileReference; fileEncoding = 4; lastKnownFileType = sourcecode.c.h; path = machinst.h; sourceTree = "<group>"; };
		13F1CC3A1056A00E005DEDB9 /* mtypes.h */ = {isa = PBXFileReference; fileEncoding = 4; lastKnownFileType = sourcecode.c.h; path = mtypes.h; sourceTree = "<group>"; };
		13F1CC3B1056A00E005DEDB9 /* port_config.h */ = {isa = PBXFileReference; fileEncoding = 4; lastKnownFileType = sourcecode.c.h; path = port_config.h; sourceTree = "<group>"; };
		13F1CC3C1056A00E005DEDB9 /* port_makefile */ = {isa = PBXFileReference; fileEncoding = 4; lastKnownFileType = text; path = port_makefile; sourceTree = "<group>"; };
		13F1CC3D1056A00E005DEDB9 /* wam.c */ = {isa = PBXFileReference; fileEncoding = 4; lastKnownFileType = sourcecode.c.c; path = wam.c; sourceTree = "<group>"; };
		13F1CC3E1056A00E005DEDB9 /* wam.doc.freeze */ = {isa = PBXFileReference; fileEncoding = 4; lastKnownFileType = text; path = wam.doc.freeze; sourceTree = "<group>"; };
		13F1CC3F1056A00E005DEDB9 /* wam.frame */ = {isa = PBXFileReference; lastKnownFileType = file; path = wam.frame; sourceTree = "<group>"; };
		13F1CC401056A00E005DEDB9 /* wamreg.h */ = {isa = PBXFileReference; fileEncoding = 4; lastKnownFileType = sourcecode.c.h; path = wamreg.h; sourceTree = "<group>"; };
		8DD76FB20486AB0100D96B5E /* alspro_b */ = {isa = PBXFileReference; explicitFileType = "compiled.mach-o.executable"; includeInIndex = 0; path = alspro_b; sourceTree = BUILT_PRODUCTS_DIR; };
/* End PBXFileReference section */

/* Begin PBXFrameworksBuildPhase section */
		8DD76FAD0486AB0100D96B5E /* Frameworks */ = {
			isa = PBXFrameworksBuildPhase;
			buildActionMask = 2147483647;
			files = (
			);
			runOnlyForDeploymentPostprocessing = 0;
		};
/* End PBXFrameworksBuildPhase section */

/* Begin PBXGroup section */
		08FB7794FE84155DC02AAC07 /* ALS Prolog */ = {
			isa = PBXGroup;
			children = (
				13F1CADD10569E1A005DEDB9 /* generic */,
				13F1CBFF10569FD2005DEDB9 /* unix */,
				13F1CC331056A00E005DEDB9 /* port */,
				1AB674ADFE9D54B511CA2CBB /* Products */,
			);
			name = "ALS Prolog";
			sourceTree = "<group>";
		};
		13F1CADD10569E1A005DEDB9 /* generic */ = {
			isa = PBXGroup;
			children = (
				13F1CADE10569E1A005DEDB9 /* alloc.c */,
				13F1CAE010569E1A005DEDB9 /* alloc.h */,
				13F1CAE110569E1A005DEDB9 /* alsmem.h */,
				13F1CAE210569E1A005DEDB9 /* alspi.h */,
				13F1CAE510569E1A005DEDB9 /* alspi_slib.h */,
				13F1CAE910569E1A005DEDB9 /* alssig.h */,
				13F1CAEA10569E1A005DEDB9 /* alstypes.h */,
				13F1CAEC10569E1A005DEDB9 /* arith.c */,
				13F1CAED10569E1A005DEDB9 /* bcinter.c */,
				134894C020BE302F00CAB728 /* bcurl.c */,
				13F1CAEE10569E1A005DEDB9 /* bdb.c */,
				13F1CAEF10569E1A005DEDB9 /* bdbg.c */,
				13F1CAF010569E1A005DEDB9 /* bgv.c */,
				13F1CAF110569E1A005DEDB9 /* bio.c */,
				13F1CAF210569E1A005DEDB9 /* bmeta.c */,
				13F1CAF310569E1A005DEDB9 /* bmisc.c */,
				13F1CAF410569E1A005DEDB9 /* bos.c */,
				13F1CAF510569E1A005DEDB9 /* bparser.c */,
				13F1CAF610569E1A005DEDB9 /* bpckg.c */,
				13F1CAF710569E1A005DEDB9 /* bsio.c */,
				13F1CAF810569E1A005DEDB9 /* bsio.h */,
				13F1CAF910569E1A005DEDB9 /* bsystem.c */,
				13F1CAFA10569E1A005DEDB9 /* built.c */,
				13F1CAFB10569E1A005DEDB9 /* built.h */,
				13F1CAFC10569E1A005DEDB9 /* butil.c */,
				13F1CAFD10569E1A005DEDB9 /* cassert.c */,
				13F1CAFE10569E1A005DEDB9 /* cassert.h */,
				13F1CAFF10569E1A005DEDB9 /* cexception.c */,
				13F1CB0010569E1A005DEDB9 /* cexception.h */,
				13F1CB0110569E1A005DEDB9 /* chpt.h */,
				13F1CB0310569E1A005DEDB9 /* cinterf.c */,
				13F1CB0410569E1A005DEDB9 /* cinterf.h */,
				13F1CB0510569E1A005DEDB9 /* coerce.h */,
				13F1CB0610569E1A005DEDB9 /* compile.c */,
				13F1CB0710569E1A005DEDB9 /* compile.h */,
				13F1CB0810569E1A005DEDB9 /* compmath.c */,
				13F1CB0910569E1A005DEDB9 /* cutmacro.c */,
				13F1CB0A10569E1A005DEDB9 /* cutmacro.h */,
				13F1CB0B10569E1A005DEDB9 /* debug.txt */,
				13F1CB0C10569E1A005DEDB9 /* debugsys.c */,
				13F1CB0D10569E1A005DEDB9 /* debugsys.h */,
				13F1CB0E10569E1A005DEDB9 /* defs.h */,
				13F1CB1010569E1A005DEDB9 /* dfltsys.h */,
				13F1CB1E10569E1A005DEDB9 /* dump_wam.c */,
				13F1CB1F10569E1A005DEDB9 /* dump_wam.h */,
				13F1CB2010569E1A005DEDB9 /* engine.c */,
				13F1CB2110569E1A005DEDB9 /* engine.h */,
				13F1CB2210569E1A005DEDB9 /* expand.c */,
				13F1CB2310569E1A005DEDB9 /* fatal.c */,
				13F1CB2410569E1A005DEDB9 /* fatal.h */,
				13F1CB2510569E1A005DEDB9 /* fileio.c */,
				13F1CB2610569E1A005DEDB9 /* fileio.h */,
				13F1CB2710569E1A005DEDB9 /* foreign.c */,
				13F1CB2810569E1A005DEDB9 /* fpbasis.c */,
				13F1CB2910569E1A005DEDB9 /* fpbasis.h */,
				13F1CB2A10569E1A005DEDB9 /* freeze.c */,
				13F1CB2B10569E1A005DEDB9 /* freeze.h */,
				13F1CB2C10569E1A005DEDB9 /* fsdos.c */,
				13F1CB2D10569E1A005DEDB9 /* fsmac.c */,
				13F1CB2F10569E1A005DEDB9 /* fsvms.c */,
				13F1CB3010569E1A005DEDB9 /* fswin32.c */,
				13F1CB3110569E1A005DEDB9 /* fswin32.h */,
				13F1CB3210569E1A005DEDB9 /* gc.c */,
				13F1CB4B10569E1A005DEDB9 /* generic.mkf */,
				13F1CB4C10569E1A005DEDB9 /* gnu_makefile */,
				13F1CB4D10569E1A005DEDB9 /* gv.c */,
				13F1CB4E10569E1A005DEDB9 /* hztypes.h */,
				13F1CB4F10569E1A005DEDB9 /* icode.h */,
				13F1CB5010569E1A005DEDB9 /* icodedef.h */,
				13F1CB5110569E1A005DEDB9 /* icodegen.h */,
				13F1CB5210569E1A005DEDB9 /* icom.h */,
				13F1CB5310569E1A005DEDB9 /* index.c */,
				13F1CB5A10569E1A005DEDB9 /* istr.h */,
				13F1CB5B10569E1A005DEDB9 /* lexan.c */,
				13F1CB5C10569E1A005DEDB9 /* lexan.h */,
				13F1CB5D10569E1A005DEDB9 /* lforeign.c */,
				13F1CB5E10569E1A005DEDB9 /* loadfile.c */,
				13F1CB5F10569E1A005DEDB9 /* magic.h */,
				13F1CB6010569E1A005DEDB9 /* main.c */,
				13F1CB6110569E1A005DEDB9 /* main.h */,
				13F1CB6210569E1A005DEDB9 /* mapsym.c */,
				13F1CB6310569E1A005DEDB9 /* mem.c */,
				13F1CB6410569E1A005DEDB9 /* module.c */,
				13F1CB6510569E1A005DEDB9 /* module.h */,
				13F1CB6610569E1A005DEDB9 /* new_alspi.c */,
				13F1CB6710569E1A005DEDB9 /* new_alspi.h */,
				13F1CB6810569E1A005DEDB9 /* newlexinit.h */,
				13F1CB6910569E1A005DEDB9 /* newpckgcoff.c */,
				13F1CB6A10569E1A005DEDB9 /* newsiolex.h */,
				13F1CB6B10569E1A005DEDB9 /* newtokens.h */,
				13F1CB6C10569E1A005DEDB9 /* newtokini.h */,
				13F1CB6D10569E1A005DEDB9 /* nopckg.c */,
				13F1CB6E10569E1A005DEDB9 /* paction.c */,
				13F1CB6F10569E1A005DEDB9 /* parser.c */,
				13F1CB7010569E1A005DEDB9 /* parser.h */,
				13F1CB7110569E1A005DEDB9 /* parsstak.h */,
				13F1CB7210569E1A005DEDB9 /* pckg.h */,
				13F1CB7310569E1A005DEDB9 /* pckgcoff.c */,
				13F1CB7410569E1A005DEDB9 /* pckgcoff.h */,
				13F1CB7510569E1A005DEDB9 /* pckgload.c */,
				13F1CB7610569E1A005DEDB9 /* pckgmake.c */,
				13F1CB7710569E1A005DEDB9 /* pckgmake.h */,
				13F1CB7810569E1A005DEDB9 /* pi_cfg.in */,
				13F1CB7910569E1A005DEDB9 /* pi_init.c */,
				13F1CB7A10569E1A005DEDB9 /* pi_init.h */,
				13F1CB7B10569E1A005DEDB9 /* pimain.c */,
				13F1CB7C10569E1A005DEDB9 /* property.tags */,
				13F1CB7D10569E1A005DEDB9 /* random.c */,
				13F1CB7E10569E1A005DEDB9 /* random.h */,
				13F1CB7F10569E1A005DEDB9 /* relocate_code.c */,
				13F1CB8010569E1A005DEDB9 /* rinfo.c */,
				13F1CB8110569E1A005DEDB9 /* rinfo.h */,
				13F1CB8410569E1A005DEDB9 /* sig.c */,
				13F1CB8510569E1A005DEDB9 /* sig.h */,
				13F1CB8710569E1A005DEDB9 /* symtab.c */,
				13F1CB8910569E1A005DEDB9 /* topmain.c */,
				13F1CB8A10569E1A005DEDB9 /* varproc.c */,
				13F1CB8B10569E1A005DEDB9 /* varproc.h */,
				13F1CB8C10569E1A005DEDB9 /* version.h */,
				13F1CB8D10569E1A005DEDB9 /* vprintf.c */,
				13F1CB8E10569E1A005DEDB9 /* wamops.h */,
				13F1CB8F10569E1A005DEDB9 /* wamops0.h */,
				13F1CB9010569E1A005DEDB9 /* wci.h */,
				13F1CB9110569E1A005DEDB9 /* wd_size.h */,
				13F1CB9210569E1A005DEDB9 /* wdisp.c */,
				13F1CB9410569E1A005DEDB9 /* wintcode.c */,
				13F1CB9510569E1A005DEDB9 /* wintcode.h */,
				13F1CB9610569E1A005DEDB9 /* winter.c */,
				13F1CB9710569E1A005DEDB9 /* winter.h */,
				13F1CB9810569E1A005DEDB9 /* wintidx.h */,
				13F1CB9910569E1A005DEDB9 /* wntbl.h */,
			);
			name = generic;
			path = core/alsp_src/generic;
			sourceTree = "<group>";
		};
		13F1CBFF10569FD2005DEDB9 /* unix */ = {
			isa = PBXGroup;
			children = (
				1308834A1FFC6619006C260E /* linenoise.c */,
				130883491FFC6619006C260E /* linenoise.h */,
				13F1CC0010569FD2005DEDB9 /* aix_config.h */,
				13F1CC0110569FD2005DEDB9 /* aix_makefile */,
				13F1CC0210569FD2005DEDB9 /* build_all */,
				13F1CC0310569FD2005DEDB9 /* cc_makefile */,
				13F1CC0410569FD2005DEDB9 /* compat_glob.c */,
				13F1CC0510569FD2005DEDB9 /* compat_glob.h */,
				13F1CC0610569FD2005DEDB9 /* cygwin32_config.h */,
				13F1CC0710569FD2005DEDB9 /* cygwin32_makefile */,
				13F1CC0810569FD2005DEDB9 /* darwin_config.h */,
				13F1CC0910569FD2005DEDB9 /* darwin_makefile */,
				13F1CC0A10569FD2005DEDB9 /* egcs_makefile */,
				13F1CC0B10569FD2005DEDB9 /* gcc_makefile */,
				13F1CC0C10569FD2005DEDB9 /* glibc20-cc */,
				13F1CC0D10569FD2005DEDB9 /* glibc20-cc_makefile */,
				13F1CC0E10569FD2005DEDB9 /* hpux_config.h */,
				13F1CC0F10569FD2005DEDB9 /* hpux_makefile */,
				13F1CC1010569FD2005DEDB9 /* irix_config.h */,
				13F1CC1110569FD2005DEDB9 /* irix_makefile */,
				13F1CC1210569FD2005DEDB9 /* linux_config.h */,
				13F1CC1310569FD2005DEDB9 /* linux_makefile */,
				13F1CC1410569FD2005DEDB9 /* missing.c */,
				13F1CC1510569FD2005DEDB9 /* missing.h */,
				13F1CC1610569FD2005DEDB9 /* sgicc_makefile */,
				13F1CC1710569FD2005DEDB9 /* solaris_config.h */,
				13F1CC1810569FD2005DEDB9 /* solaris_makefile */,
				13F1CC1910569FD2005DEDB9 /* sunos_config.h */,
				13F1CC1A10569FD2005DEDB9 /* sunos_makefile */,
				13F1CC1B10569FD2005DEDB9 /* unix_config.h */,
				13F1CC1C10569FD2005DEDB9 /* unix_engine.c */,
				13F1CC1D10569FD2005DEDB9 /* unix_locate.c */,
				13F1CC1E10569FD2005DEDB9 /* unix_makefile */,
				13F1CC1F10569FD2005DEDB9 /* unix_setup */,
				13F1CC2110569FD2005DEDB9 /* unix_static.c */,
				13F1CC2210569FD2005DEDB9 /* unixio.c */,
			);
			name = unix;
			path = core/alsp_src/unix;
			sourceTree = "<group>";
		};
		13F1CC331056A00E005DEDB9 /* port */ = {
			isa = PBXGroup;
			children = (
				13F1CC341056A00E005DEDB9 /* aconfig.h */,
				13F1CC351056A00E005DEDB9 /* disassem.c */,
				13F1CC361056A00E005DEDB9 /* icode1.c */,
				13F1CC371056A00E005DEDB9 /* icode2.c */,
				13F1CC381056A00E005DEDB9 /* labels.h */,
				13F1CC391056A00E005DEDB9 /* machinst.h */,
				13F1CC3A1056A00E005DEDB9 /* mtypes.h */,
				13F1CC3B1056A00E005DEDB9 /* port_config.h */,
				13F1CC3C1056A00E005DEDB9 /* port_makefile */,
				13F1CC3D1056A00E005DEDB9 /* wam.c */,
				13F1CC3E1056A00E005DEDB9 /* wam.doc.freeze */,
				13F1CC3F1056A00E005DEDB9 /* wam.frame */,
				13F1CC401056A00E005DEDB9 /* wamreg.h */,
			);
			name = port;
			path = core/alsp_src/port;
			sourceTree = "<group>";
		};
		1AB674ADFE9D54B511CA2CBB /* Products */ = {
			isa = PBXGroup;
			children = (
				8DD76FB20486AB0100D96B5E /* alspro_b */,
			);
			name = Products;
			sourceTree = "<group>";
		};
/* End PBXGroup section */

/* Begin PBXNativeTarget section */
		8DD76FA90486AB0100D96B5E /* alspro_b */ = {
			isa = PBXNativeTarget;
			buildConfigurationList = 1DEB928508733DD80010E9CD /* Build configuration list for PBXNativeTarget "alspro_b" */;
			buildPhases = (
				8DD76FAB0486AB0100D96B5E /* Sources */,
				8DD76FAD0486AB0100D96B5E /* Frameworks */,
				13F1CC981056A976005DEDB9 /* ShellScript */,
			);
			buildRules = (
			);
			dependencies = (
			);
			name = alspro_b;
			productInstallPath = "$(HOME)/bin";
			productName = "ALS Prolog";
			productReference = 8DD76FB20486AB0100D96B5E /* alspro_b */;
			productType = "com.apple.product-type.tool";
		};
/* End PBXNativeTarget section */

/* Begin PBXProject section */
		08FB7793FE84155DC02AAC07 /* Project object */ = {
			isa = PBXProject;
			attributes = {
				BuildIndependentTargetsInParallel = NO;
			};
			buildConfigurationList = 1DEB928908733DD80010E9CD /* Build configuration list for PBXProject "ALS Prolog" */;
			compatibilityVersion = "Xcode 3.1";
			developmentRegion = en;
			hasScannedForEncodings = 1;
			knownRegions = (
				en,
			);
			mainGroup = 08FB7794FE84155DC02AAC07 /* ALS Prolog */;
			projectDirPath = "";
			projectRoot = "";
			targets = (
				8DD76FA90486AB0100D96B5E /* alspro_b */,
			);
		};
/* End PBXProject section */

/* Begin PBXShellScriptBuildPhase section */
		13F1CC981056A976005DEDB9 /* ShellScript */ = {
			isa = PBXShellScriptBuildPhase;
			buildActionMask = 2147483647;
			files = (
			);
			inputPaths = (
			);
			outputPaths = (
			);
			runOnlyForDeploymentPostprocessing = 0;
			shellPath = /bin/bash;
			shellScript = "set -eux\n\npushd \"$TARGET_BUILD_DIR\"\n\nmkdir -p alsdir/builtins\nrm -f alsdir/builtins/*.pro\npushd alsdir/builtins\nln -s \"$PROJECT_DIR\"/core/alsp_src/builtins/*.pro .\npopd\nmkdir -p alsdir/library\nrm -f alsdir/library/*.pro alsdir/library/*.alb\npushd alsdir/library\nln -s \"$PROJECT_DIR\"/core/alsp_src/library/*.pro .\nln -s \"$PROJECT_DIR\"/core/alsp_src/library/*.alb .\npopd\npopd";
		};
/* End PBXShellScriptBuildPhase section */

/* Begin PBXSourcesBuildPhase section */
		8DD76FAB0486AB0100D96B5E /* Sources */ = {
			isa = PBXSourcesBuildPhase;
			buildActionMask = 2147483647;
			files = (
				13F1CB9A10569E1A005DEDB9 /* alloc.c in Sources */,
				13F1CBA110569E1A005DEDB9 /* arith.c in Sources */,
				13F1CBA210569E1A005DEDB9 /* bcinter.c in Sources */,
				13F1CBA310569E1A005DEDB9 /* bdb.c in Sources */,
				13F1CBA410569E1A005DEDB9 /* bdbg.c in Sources */,
				13F1CBA510569E1A005DEDB9 /* bgv.c in Sources */,
				13F1CBA610569E1A005DEDB9 /* bio.c in Sources */,
				13F1CBA710569E1A005DEDB9 /* bmeta.c in Sources */,
				13F1CBA810569E1A005DEDB9 /* bmisc.c in Sources */,
				13F1CBA910569E1A005DEDB9 /* bos.c in Sources */,
				13F1CBAA10569E1A005DEDB9 /* bparser.c in Sources */,
				13F1CBAB10569E1A005DEDB9 /* bpckg.c in Sources */,
				13F1CBAC10569E1A005DEDB9 /* bsio.c in Sources */,
				13F1CBAD10569E1A005DEDB9 /* bsystem.c in Sources */,
				13F1CBAE10569E1A005DEDB9 /* built.c in Sources */,
				13F1CBAF10569E1A005DEDB9 /* butil.c in Sources */,
				13F1CBB010569E1A005DEDB9 /* cassert.c in Sources */,
				13F1CBB110569E1A005DEDB9 /* cexception.c in Sources */,
				13F1CBB210569E1A005DEDB9 /* cinterf.c in Sources */,
				13F1CBB310569E1A005DEDB9 /* compile.c in Sources */,
				13F1CBB410569E1A005DEDB9 /* compmath.c in Sources */,
				13F1CBB510569E1A005DEDB9 /* cutmacro.c in Sources */,
				13F1CBB610569E1A005DEDB9 /* debugsys.c in Sources */,
				13F1CBB910569E1A005DEDB9 /* dump_wam.c in Sources */,
				13F1CBBA10569E1A005DEDB9 /* engine.c in Sources */,
				13F1CBBB10569E1A005DEDB9 /* expand.c in Sources */,
				13F1CBBC10569E1A005DEDB9 /* fatal.c in Sources */,
				13F1CBBD10569E1A005DEDB9 /* fileio.c in Sources */,
				13F1CBBE10569E1A005DEDB9 /* foreign.c in Sources */,
				13F1CBBF10569E1A005DEDB9 /* fpbasis.c in Sources */,
				13F1CBC010569E1A005DEDB9 /* freeze.c in Sources */,
				13F1CBC110569E1A005DEDB9 /* fsdos.c in Sources */,
				13F1CBC210569E1A005DEDB9 /* fsmac.c in Sources */,
				13F1CBC410569E1A005DEDB9 /* fsvms.c in Sources */,
				13F1CBC510569E1A005DEDB9 /* fswin32.c in Sources */,
				13F1CBC610569E1A005DEDB9 /* gc.c in Sources */,
				134894C120BE302F00CAB728 /* bcurl.c in Sources */,
				13F1CBCD10569E1A005DEDB9 /* gv.c in Sources */,
				13F1CBCE10569E1A005DEDB9 /* index.c in Sources */,
				13F1CBD210569E1A005DEDB9 /* lexan.c in Sources */,
				13F1CBD310569E1A005DEDB9 /* lforeign.c in Sources */,
				13F1CBD410569E1A005DEDB9 /* loadfile.c in Sources */,
				13F1CBD510569E1A005DEDB9 /* main.c in Sources */,
				13F1CBD610569E1A005DEDB9 /* mapsym.c in Sources */,
				13F1CBD710569E1A005DEDB9 /* mem.c in Sources */,
				13F1CBD810569E1A005DEDB9 /* module.c in Sources */,
				13F1CBD910569E1A005DEDB9 /* new_alspi.c in Sources */,
				1308834B1FFC6619006C260E /* linenoise.c in Sources */,
				13F1CBDA10569E1A005DEDB9 /* newpckgcoff.c in Sources */,
				13F1CBDB10569E1A005DEDB9 /* nopckg.c in Sources */,
				13F1CBDC10569E1A005DEDB9 /* paction.c in Sources */,
				13F1CBDD10569E1A005DEDB9 /* parser.c in Sources */,
				13F1CBDE10569E1A005DEDB9 /* pckgcoff.c in Sources */,
				13F1CBDF10569E1A005DEDB9 /* pckgload.c in Sources */,
				13F1CBE010569E1A005DEDB9 /* pckgmake.c in Sources */,
				13F1CBE110569E1A005DEDB9 /* pi_init.c in Sources */,
				13F1CBE210569E1A005DEDB9 /* pimain.c in Sources */,
				13F1CBE310569E1A005DEDB9 /* random.c in Sources */,
				13F1CBE410569E1A005DEDB9 /* relocate_code.c in Sources */,
				13F1CBE510569E1A005DEDB9 /* rinfo.c in Sources */,
				13F1CBE710569E1A005DEDB9 /* sig.c in Sources */,
				13F1CBE910569E1A005DEDB9 /* symtab.c in Sources */,
				13F1CBEB10569E1A005DEDB9 /* topmain.c in Sources */,
				13F1CBEC10569E1A005DEDB9 /* varproc.c in Sources */,
				13F1CBED10569E1A005DEDB9 /* vprintf.c in Sources */,
				13F1CBEE10569E1A005DEDB9 /* wdisp.c in Sources */,
				13F1CBF010569E1A005DEDB9 /* wintcode.c in Sources */,
				13F1CBF110569E1A005DEDB9 /* winter.c in Sources */,
				13F1CC2310569FD2005DEDB9 /* compat_glob.c in Sources */,
				13F1CC2410569FD2005DEDB9 /* missing.c in Sources */,
				13F1CC2510569FD2005DEDB9 /* unix_engine.c in Sources */,
				13F1CC2610569FD2005DEDB9 /* unix_locate.c in Sources */,
				13F1CC2810569FD2005DEDB9 /* unix_static.c in Sources */,
				13F1CC2910569FD2005DEDB9 /* unixio.c in Sources */,
				13F1CC411056A00E005DEDB9 /* disassem.c in Sources */,
				13F1CC421056A00E005DEDB9 /* icode1.c in Sources */,
				13F1CC431056A00E005DEDB9 /* icode2.c in Sources */,
				13F1CC441056A00E005DEDB9 /* wam.c in Sources */,
			);
			runOnlyForDeploymentPostprocessing = 0;
		};
/* End PBXSourcesBuildPhase section */

/* Begin XCBuildConfiguration section */
		1DEB928608733DD80010E9CD /* Debug */ = {
			isa = XCBuildConfiguration;
			buildSettings = {
				ALWAYS_SEARCH_USER_PATHS = NO;
				COPY_PHASE_STRIP = NO;
				GCC_DYNAMIC_NO_PIC = NO;
				GCC_ENABLE_FIX_AND_CONTINUE = YES;
				GCC_MODEL_TUNING = G5;
				GCC_OPTIMIZATION_LEVEL = 0;
				INSTALL_PATH = /usr/local/bin;
				OTHER_LDFLAGS = "-lcurl";
				PRODUCT_NAME = alspro_b;
			};
			name = Debug;
		};
		1DEB928708733DD80010E9CD /* Release */ = {
			isa = XCBuildConfiguration;
			buildSettings = {
				ALWAYS_SEARCH_USER_PATHS = NO;
				DEBUG_INFORMATION_FORMAT = "dwarf-with-dsym";
				GCC_MODEL_TUNING = G5;
				INSTALL_PATH = /usr/local/bin;
				OTHER_LDFLAGS = "-lcurl";
				PRODUCT_NAME = alspro_b;
			};
			name = Release;
		};
		1DEB928A08733DD80010E9CD /* Debug */ = {
			isa = XCBuildConfiguration;
			buildSettings = {
				ARCHS = "$(ARCHS_STANDARD_32_BIT)";
				GCC_C_LANGUAGE_STANDARD = gnu99;
				GCC_OPTIMIZATION_LEVEL = 0;
				GCC_WARN_ABOUT_RETURN_TYPE = YES;
				GCC_WARN_UNUSED_VARIABLE = YES;
				MACOSX_DEPLOYMENT_TARGET = 10.6;
				ONLY_ACTIVE_ARCH = YES;
				OTHER_CFLAGS = (
					"-DPORT",
					"-DUNIX",
					"-DUNIX_DARWIN",
				);
				OTHER_LDFLAGS = "";
				PREBINDING = NO;
				SDKROOT = "";
				SYMROOT = "build-xcode";
			};
			name = Debug;
		};
		1DEB928B08733DD80010E9CD /* Release */ = {
			isa = XCBuildConfiguration;
			buildSettings = {
				ARCHS = "$(ARCHS_STANDARD_32_BIT)";
				GCC_C_LANGUAGE_STANDARD = gnu99;
				GCC_WARN_ABOUT_RETURN_TYPE = YES;
				GCC_WARN_UNUSED_VARIABLE = YES;
				MACOSX_DEPLOYMENT_TARGET = 10.6;
				OTHER_CFLAGS = (
					"-DPORT",
					"-DUNIX",
					"-DUNIX_DARWIN",
				);
				OTHER_LDFLAGS = "";
				PREBINDING = NO;
				SDKROOT = "";
				SYMROOT = "build-xcode";
			};
			name = Release;
		};
/* End XCBuildConfiguration section */

/* Begin XCConfigurationList section */
		1DEB928508733DD80010E9CD /* Build configuration list for PBXNativeTarget "alspro_b" */ = {
			isa = XCConfigurationList;
			buildConfigurations = (
				1DEB928608733DD80010E9CD /* Debug */,
				1DEB928708733DD80010E9CD /* Release */,
			);
			defaultConfigurationIsVisible = 0;
			defaultConfigurationName = Release;
		};
		1DEB928908733DD80010E9CD /* Build configuration list for PBXProject "ALS Prolog" */ = {
			isa = XCConfigurationList;
			buildConfigurations = (
				1DEB928A08733DD80010E9CD /* Debug */,
				1DEB928B08733DD80010E9CD /* Release */,
			);
			defaultConfigurationIsVisible = 0;
			defaultConfigurationName = Release;
		};
/* End XCConfigurationList section */
	};
	rootObject = 08FB7793FE84155DC02AAC07 /* Project object */;
}
